
Microsoft Visual Studio Solution File, Format Version 11.00
# Visual Studio 2010
Project("{FAE04EC0-301F-11D3-BF4B-00C04F79EFBC}") = "YepITWorks.ServiceHostHelper", "YepITWorks.ServiceHostHelper\YepITWorks.ServiceHostHelper.csproj", "{6A1E43A4-9531-4D78-97A5-CF2B5FB652C9}"
EndProject
Project("{FAE04EC0-301F-11D3-BF4B-00C04F79EFBC}") = "YepITWorks.ServiceHostHelper.Test", "YepITWorks.ServiceHostHelper.Test\YepITWorks.ServiceHostHelper.Test.csproj", "{76ED5614-2C1E-4FD1-A4D7-B9918D1FC5C8}"
EndProject
Global
	GlobalSection(SolutionConfigurationPlatforms) = preSolution
		Debug|Any CPU = Debug|Any CPU
		Release|Any CPU = Release|Any CPU
	EndGlobalSection
	GlobalSection(ProjectConfigurationPlatforms) = postSolution
		{6A1E43A4-9531-4D78-97A5-CF2B5FB652C9}.Debug|Any CPU.ActiveCfg = Debug|Any CPU
		{6A1E43A4-9531-4D78-97A5-CF2B5FB652C9}.Debug|Any CPU.Build.0 = Debug|Any CPU
		{6A1E43A4-9531-4D78-97A5-CF2B5FB652C9}.Release|Any CPU.ActiveCfg = Release|Any CPU
		{6A1E43A4-9531-4D78-97A5-CF2B5FB652C9}.Release|Any CPU.Build.0 = Release|Any CPU
		{76ED5614-2C1E-4FD1-A4D7-B9918D1FC5C8}.Debug|Any CPU.ActiveCfg = Debug|Any CPU
		{76ED5614-2C1E-4FD1-A4D7-B9918D1FC5C8}.Debug|Any CPU.Build.0 = Debug|Any CPU
		{76ED5614-2C1E-4FD1-A4D7-B9918D1FC5C8}.Release|Any CPU.ActiveCfg = Release|Any CPU
		{76ED5614-2C1E-4FD1-A4D7-B9918D1FC5C8}.Release|Any CPU.Build.0 = Release|Any CPU
	EndGlobalSection
	GlobalSection(SolutionProperties) = preSolution
		HideSolutionNode = FALSE
	EndGlobalSection
EndGlobal
